
Microsoft Visual Studio Solution File, Format Version 12.00
# Visual Studio 15
VisualStudioVersion = 15.0.28307.539
MinimumVisualStudioVersion = 10.0.40219.1
Project("{FAE04EC0-301F-11D3-BF4B-00C04F79EFBC}") = "WorkCalender", "WorkCalender\WorkCalender.csproj", "{64B7F77D-E901-453B-A387-FFE9571D67D5}"
EndProject
Global
	GlobalSection(SolutionConfigurationPlatforms) = preSolution
		Debug|Any CPU = Debug|Any CPU
		Release|Any CPU = Release|Any CPU
	EndGlobalSection
	GlobalSection(ProjectConfigurationPlatforms) = postSolution
		{64B7F77D-E901-453B-A387-FFE9571D67D5}.Debug|Any CPU.ActiveCfg = Debug|Any CPU
		{64B7F77D-E901-453B-A387-FFE9571D67D5}.Debug|Any CPU.Build.0 = Debug|Any CPU
		{64B7F77D-E901-453B-A387-FFE9571D67D5}.Release|Any CPU.ActiveCfg = Release|Any CPU
		{64B7F77D-E901-453B-A387-FFE9571D67D5}.Release|Any CPU.Build.0 = Release|Any CPU
	EndGlobalSection
	GlobalSection(SolutionProperties) = preSolution
		HideSolutionNode = FALSE
	EndGlobalSection
	GlobalSection(ExtensibilityGlobals) = postSolution
		SolutionGuid = {49426B58-3434-4EC5-839D-9C85EA51EB63}
	EndGlobalSection
EndGlobal
